{
    "name": "@nuxtclub/octicons",
    "version": "1.0.0",
    "lockfileVersion": 2,
    "requires": true,
    "packages": {
        "": {
            "name": "@nuxtclub/octicons",
            "version": "1.0.0",
            "license": "MIT",
            "dependencies": {
                "@primer/octicons": "^13.0.0"
            }
        },
        "node_modules/@primer/octicons": {
            "version": "13.0.0",
            "resolved": "https://registry.npmjs.org/@primer/octicons/-/octicons-13.0.0.tgz",
            "integrity": "sha512-kMNu3Ny3eocOTl2hxRC0YX0na7zJwpSIQNiZqmyqbLMKp2YwNAwk5Tan4RLGe35f30st+EbNq15dEjiMzslAcw==",
            "dependencies": {
                "object-assign": "^4.1.1"
            }
        },
        "node_modules/object-assign": {
            "version": "4.1.1",
            "resolved": "https://registry.npmjs.org/object-assign/-/object-assign-4.1.1.tgz",
            "integrity": "sha1-IQmtx5ZYh8/AXLvUQsrIv7s2CGM=",
            "engines": {
                "node": ">=0.10.0"
            }
        }
    },
    "dependencies": {
        "@primer/octicons": {
            "version": "13.0.0",
            "resolved": "https://registry.npmjs.org/@primer/octicons/-/octicons-13.0.0.tgz",
            "integrity": "sha512-kMNu3Ny3eocOTl2hxRC0YX0na7zJwpSIQNiZqmyqbLMKp2YwNAwk5Tan4RLGe35f30st+EbNq15dEjiMzslAcw==",
            "requires": {
                "object-assign": "^4.1.1"
            }
        },
        "object-assign": {
            "version": "4.1.1",
            "resolved": "https://registry.npmjs.org/object-assign/-/object-assign-4.1.1.tgz",
            "integrity": "sha1-IQmtx5ZYh8/AXLvUQsrIv7s2CGM="
        }
    }
}
